
Microsoft Visual Studio Solution File, Format Version 12.00
Project("{FAE04EC0-301F-11D3-BF4B-00C04F79EFBC}") = "Api", "Api\Api.csproj", "{662D6D87-4F8A-463C-9BCF-C3303F67F875}"
EndProject
Project("{FAE04EC0-301F-11D3-BF4B-00C04F79EFBC}") = "Business", "Business\Business.csproj", "{E43DDE2C-6BB6-4776-83E3-5319A4CA9DA0}"
EndProject
Project("{FAE04EC0-301F-11D3-BF4B-00C04F79EFBC}") = "Repository", "Repository\Repository.csproj", "{811A8160-66E1-4C33-8475-37AEF4857FC8}"
EndProject
Project("{FAE04EC0-301F-11D3-BF4B-00C04F79EFBC}") = "Model", "Model\Model.csproj", "{6FD5AF8A-3540-4512-B3BC-FA85D3B766FA}"
EndProject
Project("{FAE04EC0-301F-11D3-BF4B-00C04F79EFBC}") = "Exceptions", "Exceptions\Exceptions.csproj", "{B4E17FD4-03D9-4819-AFFE-07427F08D594}"
EndProject
Project("{FAE04EC0-301F-11D3-BF4B-00C04F79EFBC}") = "Tests", "Tests\Tests.csproj", "{D81B5D27-C610-40C3-9F64-390F12303EF6}"
EndProject
Global
	GlobalSection(SolutionConfigurationPlatforms) = preSolution
		Debug|Any CPU = Debug|Any CPU
		Release|Any CPU = Release|Any CPU
	EndGlobalSection
	GlobalSection(ProjectConfigurationPlatforms) = postSolution
		{662D6D87-4F8A-463C-9BCF-C3303F67F875}.Debug|Any CPU.ActiveCfg = Debug|Any CPU
		{662D6D87-4F8A-463C-9BCF-C3303F67F875}.Debug|Any CPU.Build.0 = Debug|Any CPU
		{662D6D87-4F8A-463C-9BCF-C3303F67F875}.Release|Any CPU.ActiveCfg = Release|Any CPU
		{662D6D87-4F8A-463C-9BCF-C3303F67F875}.Release|Any CPU.Build.0 = Release|Any CPU
		{E43DDE2C-6BB6-4776-83E3-5319A4CA9DA0}.Debug|Any CPU.ActiveCfg = Debug|Any CPU
		{E43DDE2C-6BB6-4776-83E3-5319A4CA9DA0}.Debug|Any CPU.Build.0 = Debug|Any CPU
		{E43DDE2C-6BB6-4776-83E3-5319A4CA9DA0}.Release|Any CPU.ActiveCfg = Release|Any CPU
		{E43DDE2C-6BB6-4776-83E3-5319A4CA9DA0}.Release|Any CPU.Build.0 = Release|Any CPU
		{811A8160-66E1-4C33-8475-37AEF4857FC8}.Debug|Any CPU.ActiveCfg = Debug|Any CPU
		{811A8160-66E1-4C33-8475-37AEF4857FC8}.Debug|Any CPU.Build.0 = Debug|Any CPU
		{811A8160-66E1-4C33-8475-37AEF4857FC8}.Release|Any CPU.ActiveCfg = Release|Any CPU
		{811A8160-66E1-4C33-8475-37AEF4857FC8}.Release|Any CPU.Build.0 = Release|Any CPU
		{6FD5AF8A-3540-4512-B3BC-FA85D3B766FA}.Debug|Any CPU.ActiveCfg = Debug|Any CPU
		{6FD5AF8A-3540-4512-B3BC-FA85D3B766FA}.Debug|Any CPU.Build.0 = Debug|Any CPU
		{6FD5AF8A-3540-4512-B3BC-FA85D3B766FA}.Release|Any CPU.ActiveCfg = Release|Any CPU
		{6FD5AF8A-3540-4512-B3BC-FA85D3B766FA}.Release|Any CPU.Build.0 = Release|Any CPU
		{B4E17FD4-03D9-4819-AFFE-07427F08D594}.Debug|Any CPU.ActiveCfg = Debug|Any CPU
		{B4E17FD4-03D9-4819-AFFE-07427F08D594}.Debug|Any CPU.Build.0 = Debug|Any CPU
		{B4E17FD4-03D9-4819-AFFE-07427F08D594}.Release|Any CPU.ActiveCfg = Release|Any CPU
		{B4E17FD4-03D9-4819-AFFE-07427F08D594}.Release|Any CPU.Build.0 = Release|Any CPU
		{D81B5D27-C610-40C3-9F64-390F12303EF6}.Debug|Any CPU.ActiveCfg = Debug|Any CPU
		{D81B5D27-C610-40C3-9F64-390F12303EF6}.Debug|Any CPU.Build.0 = Debug|Any CPU
		{D81B5D27-C610-40C3-9F64-390F12303EF6}.Release|Any CPU.ActiveCfg = Release|Any CPU
		{D81B5D27-C610-40C3-9F64-390F12303EF6}.Release|Any CPU.Build.0 = Release|Any CPU
	EndGlobalSection
EndGlobal
