
Microsoft Visual Studio Solution File, Format Version 12.00
Project("{FAE04EC0-301F-11D3-BF4B-00C04F79EFBC}") = "Api", "Api\Api.csproj", "{662D6D87-4F8A-463C-9BCF-C3303F67F875}"
EndProject
Project("{FAE04EC0-301F-11D3-BF4B-00C04F79EFBC}") = "Business", "Business\Business.csproj", "{E43DDE2C-6BB6-4776-83E3-5319A4CA9DA0}"
EndProject
Project("{FAE04EC0-301F-11D3-BF4B-00C04F79EFBC}") = "Repository", "Repository\Repository.csproj", "{811A8160-66E1-4C33-8475-37AEF4857FC8}"
EndProject
Global
	GlobalSection(SolutionConfigurationPlatforms) = preSolution
		Debug|Any CPU = Debug|Any CPU
		Release|Any CPU = Release|Any CPU
	EndGlobalSection
	GlobalSection(ProjectConfigurationPlatforms) = postSolution
		{662D6D87-4F8A-463C-9BCF-C3303F67F875}.Debug|Any CPU.ActiveCfg = Debug|Any CPU
		{662D6D87-4F8A-463C-9BCF-C3303F67F875}.Debug|Any CPU.Build.0 = Debug|Any CPU
		{662D6D87-4F8A-463C-9BCF-C3303F67F875}.Release|Any CPU.ActiveCfg = Release|Any CPU
		{662D6D87-4F8A-463C-9BCF-C3303F67F875}.Release|Any CPU.Build.0 = Release|Any CPU
		{E43DDE2C-6BB6-4776-83E3-5319A4CA9DA0}.Debug|Any CPU.ActiveCfg = Debug|Any CPU
		{E43DDE2C-6BB6-4776-83E3-5319A4CA9DA0}.Debug|Any CPU.Build.0 = Debug|Any CPU
		{E43DDE2C-6BB6-4776-83E3-5319A4CA9DA0}.Release|Any CPU.ActiveCfg = Release|Any CPU
		{E43DDE2C-6BB6-4776-83E3-5319A4CA9DA0}.Release|Any CPU.Build.0 = Release|Any CPU
		{811A8160-66E1-4C33-8475-37AEF4857FC8}.Debug|Any CPU.ActiveCfg = Debug|Any CPU
		{811A8160-66E1-4C33-8475-37AEF4857FC8}.Debug|Any CPU.Build.0 = Debug|Any CPU
		{811A8160-66E1-4C33-8475-37AEF4857FC8}.Release|Any CPU.ActiveCfg = Release|Any CPU
		{811A8160-66E1-4C33-8475-37AEF4857FC8}.Release|Any CPU.Build.0 = Release|Any CPU
	EndGlobalSection
EndGlobal
